{
  "pins" : [
    {
      "identity" : "swiftsoup",
      "kind" : "remoteSourceControl",
      "location" : "https://github.com/scinfu/SwiftSoup.git",
      "state" : {
        "revision" : "64e4daa41b0f22affa94a6063d509c137c26909c",
        "version" : "2.8.5"
      }
    },
    {
      "identity" : "utahnewsdata",
      "kind" : "remoteSourceControl",
      "location" : "https://github.com/utahnews/UtahNewsData.git",
      "state" : {
        "branch" : "main",
        "revision" : "eb10b4f3bfc6d7a006adff90db115b2a4e539411"
      }
    }
  ],
  "version" : 2
}
